{
    "_readme": [
        "This file locks the dependencies of your project to a known state",
        "Read more about it at https://getcomposer.org/doc/01-basic-usage.md#installing-dependencies",
        "This file is @generated automatically"
    ],
    "content-hash": "1db3a723ee59ab8eedeaad2c9b83983c",
    "packages": [
        {
            "name": "cheney70/swoft-pgsql",
            "version": "1.0.1",
            "source": {
                "type": "git",
                "url": "https://github.com/cheney70/swoft-pgsql.git",
                "reference": "27f0ca2dc28f3f744e4e2a58ff02e2ff112ba1bd"
            },
            "dist": {
                "type": "zip",
                "url": "https://api.github.com/repos/cheney70/swoft-pgsql/zipball/27f0ca2dc28f3f744e4e2a58ff02e2ff112ba1bd",
                "reference": "27f0ca2dc28f3f744e4e2a58ff02e2ff112ba1bd",
                "shasum": "",
                "mirrors": [
                    {
                        "url": "https://mirrors.aliyun.com/composer/dists/%package%/%reference%.%type%",
                        "preferred": true
                    }
                ]
            },
            "require": {
                "swoft/connection-pool": "~2.0.0",
                "swoft/framework": "~2.0.0"
            },
            "require-dev": {
                "phpunit/phpunit": "^7.5"
            },
            "type": "library",
            "autoload": {
                "classmap": [],
                "psr-4": {
                    "Swoft\\Pgsql\\": "src/"
                },
                "files": []
            },
            "notification-url": "https://packagist.org/downloads/",
            "license": [
                "Apache-2.0"
            ],
            "description": "swoft postgresql component",
            "keywords": [
                "pgsql",
                "php",
                "postgresql",
                "swoft",
                "swoole"
            ],
            "time": "2020-12-24T08:01:59+00:00"
        },
        {
            "name": "doctrine/inflector",
            "version": "v1.2.0",
            "source": {
                "type": "git",
                "url": "https://github.com/doctrine/inflector.git",
                "reference": "e11d84c6e018beedd929cff5220969a3c6d1d462"
            },
            "dist": {
                "type": "zip",
                "url": "https://api.github.com/repos/doctrine/inflector/zipball/e11d84c6e018beedd929cff5220969a3c6d1d462",
                "reference": "e11d84c6e018beedd929cff5220969a3c6d1d462",
                "shasum": "",
                "mirrors": [
                    {
                        "url": "https://mirrors.aliyun.com/composer/dists/%package%/%reference%.%type%",
                        "preferred": true
                    }
                ]
            },
            "require": {
                "php": "^7.0"
            },
            "require-dev": {
                "phpunit/phpunit": "^6.2"
            },
            "type": "library",
            "extra": {
                "branch-alias": {
                    "dev-master": "1.2.x-dev"
                }
            },
            "autoload": {
                "psr-4": {
                    "Doctrine\\Common\\Inflector\\": "lib/Doctrine/Common/Inflector"
                }
            },
            "notification-url": "https://packagist.org/downloads/",
            "license": [
                "MIT"
            ],
            "authors": [
                {
                    "name": "Roman Borschel",
                    "email": "roman@code-factory.org"
                },
                {
                    "name": "Benjamin Eberlei",
                    "email": "kontakt@beberlei.de"
                },
                {
                    "name": "Guilherme Blanco",
                    "email": "guilhermeblanco@gmail.com"
                },
                {
                    "name": "Jonathan Wage",
                    "email": "jonwage@gmail.com"
                },
                {
                    "name": "Johannes Schmitt",
                    "email": "schmittjoh@gmail.com"
                }
            ],
            "description": "Common String Manipulations with regard to casing and singular/plural rules.",
            "homepage": "http://www.doctrine-project.org",
            "keywords": [
                "inflection",
                "pluralize",
                "singularize",
                "string"
            ],
            "time": "2017-07-22T12:18:28+00:00"
        },
        {
            "name": "swoft/connection-pool",
            "version": "v2.0.10",
            "source": {
                "type": "git",
                "url": "https://github.com/swoft-cloud/swoft-connection-pool.git",
                "reference": "1c273b71674e81d436a8eabf6ed3476664601671"
            },
            "dist": {
                "type": "zip",
                "url": "https://api.github.com/repos/swoft-cloud/swoft-connection-pool/zipball/1c273b71674e81d436a8eabf6ed3476664601671",
                "reference": "1c273b71674e81d436a8eabf6ed3476664601671",
                "shasum": "",
                "mirrors": [
                    {
                        "url": "https://mirrors.aliyun.com/composer/dists/%package%/%reference%.%type%",
                        "preferred": true
                    }
                ]
            },
            "require": {
                "swoft/stdlib": "~2.0.0"
            },
            "require-dev": {
                "phpunit/phpunit": "^7.5"
            },
            "type": "library",
            "autoload": {
                "psr-4": {
                    "Swoft\\Connection\\Pool\\": "src/"
                }
            },
            "notification-url": "https://packagist.org/downloads/",
            "license": [
                "Apache-2.0"
            ],
            "description": "swoft connection pool component",
            "homepage": "https://github.com/swoft-cloud/swoft-connection-pool",
            "keywords": [
                "php",
                "swoft",
                "swoole"
            ],
            "time": "2020-09-13T15:57:26+00:00"
        },
        {
            "name": "swoft/framework",
            "version": "2.0.x-dev",
            "source": {
                "type": "git",
                "url": "https://github.com/swoft-cloud/swoft-framework.git",
                "reference": "530022445838954f2d8f060fc369e24b3974a130"
            },
            "dist": {
                "type": "zip",
                "url": "https://api.github.com/repos/swoft-cloud/swoft-framework/zipball/530022445838954f2d8f060fc369e24b3974a130",
                "reference": "530022445838954f2d8f060fc369e24b3974a130",
                "shasum": "",
                "mirrors": [
                    {
                        "url": "https://mirrors.aliyun.com/composer/dists/%package%/%reference%.%type%",
                        "preferred": true
                    }
                ]
            },
            "require": {
                "php": ">=7.0"
            },
            "type": "library",
            "autoload": {
                "classmap": [],
                "psr-4": {
                    "Swoft\\": "src/"
                },
                "files": [
                    "src/Helper/Functions.php"
                ]
            },
            "notification-url": "https://packagist.org/downloads/",
            "license": [
                "Apache-2.0"
            ],
            "description": "microservice framework base on swoole",
            "keywords": [
                "php",
                "swoft",
                "swoole"
            ],
            "time": "2019-01-21T06:36:16+00:00"
        },
        {
            "name": "swoft/stdlib",
            "version": "v2.0.10",
            "source": {
                "type": "git",
                "url": "https://github.com/swoft-cloud/swoft-stdlib.git",
                "reference": "42e49f1d7ba6e7b97eaa83e72f6439a30b61d096"
            },
            "dist": {
                "type": "zip",
                "url": "https://api.github.com/repos/swoft-cloud/swoft-stdlib/zipball/42e49f1d7ba6e7b97eaa83e72f6439a30b61d096",
                "reference": "42e49f1d7ba6e7b97eaa83e72f6439a30b61d096",
                "shasum": "",
                "mirrors": [
                    {
                        "url": "https://mirrors.aliyun.com/composer/dists/%package%/%reference%.%type%",
                        "preferred": true
                    }
                ]
            },
            "require": {
                "php": ">7.1.0"
            },
            "require-dev": {
                "phpunit/phpunit": "^7.5"
            },
            "type": "library",
            "autoload": {
                "psr-4": {
                    "Swoft\\Stdlib\\": "src/"
                },
                "files": [
                    "src/Helper/Functions.php"
                ]
            },
            "notification-url": "https://packagist.org/downloads/",
            "license": [
                "Apache-2.0"
            ],
            "description": "swoft stclib component",
            "keywords": [
                "helper",
                "php",
                "swoft",
                "swoole"
            ],
            "time": "2020-09-13T12:38:55+00:00"
        }
    ],
    "packages-dev": [],
    "aliases": [],
    "minimum-stability": "dev",
    "stability-flags": [],
    "prefer-stable": false,
    "prefer-lowest": false,
    "platform": {
        "ext-ctype": "*",
        "ext-mbstring": "*"
    },
    "platform-dev": {
        "php": ">=7.0.0"
    }
}
